{
  "name": "@natjswenson/brand-images",
  "version": "0.1.0",
  "lockfileVersion": 3,
  "requires": true,
  "packages": {
    "": {
      "name": "@natjswenson/brand-images",
      "version": "0.1.0",
      "license": "MIT",
      "bin": {
        "brand-images": "scripts/brand-images.js"
      },
      "engines": {
        "node": ">=18"
      }
    }
  }
}
