{
  "name": "@natjswenson/shipflow",
  "version": "0.2.1",
  "lockfileVersion": 3,
  "requires": true,
  "packages": {
    "": {
      "name": "@natjswenson/shipflow",
      "version": "0.2.1",
      "license": "MIT",
      "bin": {
        "shipflow": "bin/shipflow.js"
      },
      "engines": {
        "node": ">=18"
      }
    }
  }
}
