{
  "name": "@natjswenson/smith",
  "version": "0.1.0",
  "lockfileVersion": 3,
  "requires": true,
  "packages": {
    "": {
      "name": "@natjswenson/smith",
      "version": "0.1.0",
      "license": "MIT",
      "bin": {
        "smith": "scripts/smith.js"
      },
      "engines": {
        "node": ">=18"
      }
    }
  }
}
