{
  "name": "@natjswenson/local-dev",
  "version": "0.1.0",
  "lockfileVersion": 3,
  "requires": true,
  "packages": {
    "": {
      "name": "@natjswenson/local-dev",
      "version": "0.1.0",
      "license": "MIT",
      "bin": {
        "local-dev": "scripts/local-dev.js"
      },
      "engines": {
        "node": ">=18"
      }
    }
  }
}
