{
  "name": "@natjswenson/dotfiles",
  "version": "0.1.0",
  "lockfileVersion": 3,
  "requires": true,
  "packages": {
    "": {
      "name": "@natjswenson/dotfiles",
      "version": "0.1.0",
      "license": "MIT",
      "bin": {
        "dotfiles": "scripts/dotfiles.js"
      },
      "engines": {
        "node": ">=18"
      }
    }
  }
}
