{
  "name": "@natjswenson/forge",
  "version": "0.1.0",
  "lockfileVersion": 3,
  "requires": true,
  "packages": {
    "": {
      "name": "@natjswenson/forge",
      "version": "0.1.0",
      "license": "MIT",
      "bin": {
        "forge": "bin/forge.js"
      },
      "engines": {
        "node": ">=18"
      }
    }
  }
}
